
Microsoft Visual Studio Solution File, Format Version 12.00
# Visual Studio Version 16
VisualStudioVersion = 16.0.31702.278
MinimumVisualStudioVersion = 10.0.40219.1
Project("{FAE04EC0-301F-11D3-BF4B-00C04F79EFBC}") = "LommeRegner2", "LommeRegner2\LommeRegner2.csproj", "{CCFE253A-7843-40FA-9BE9-03E605F593B9}"
EndProject
Global
	GlobalSection(SolutionConfigurationPlatforms) = preSolution
		Debug|Any CPU = Debug|Any CPU
		Release|Any CPU = Release|Any CPU
	EndGlobalSection
	GlobalSection(ProjectConfigurationPlatforms) = postSolution
		{CCFE253A-7843-40FA-9BE9-03E605F593B9}.Debug|Any CPU.ActiveCfg = Debug|Any CPU
		{CCFE253A-7843-40FA-9BE9-03E605F593B9}.Debug|Any CPU.Build.0 = Debug|Any CPU
		{CCFE253A-7843-40FA-9BE9-03E605F593B9}.Release|Any CPU.ActiveCfg = Release|Any CPU
		{CCFE253A-7843-40FA-9BE9-03E605F593B9}.Release|Any CPU.Build.0 = Release|Any CPU
	EndGlobalSection
	GlobalSection(SolutionProperties) = preSolution
		HideSolutionNode = FALSE
	EndGlobalSection
	GlobalSection(ExtensibilityGlobals) = postSolution
		SolutionGuid = {4B61C549-4A47-4C7D-BFDF-8F3074C180C9}
	EndGlobalSection
EndGlobal
